
Microsoft Visual Studio Solution File, Format Version 12.00
# Visual Studio Version 17
VisualStudioVersion = 17.14.36623.8
MinimumVisualStudioVersion = 10.0.40219.1
Project("{FAE04EC0-301F-11D3-BF4B-00C04F79EFBC}") = "MindTrack", "MindTrack\MindTrack.csproj", "{5500BB42-640F-42BF-AAF7-3067332ECFEE}"
EndProject
Project("{FAE04EC0-301F-11D3-BF4B-00C04F79EFBC}") = "MindTrack.Test", "MindTrack.Test\MindTrack.Test.csproj", "{DB36BAE1-DDBA-46C1-BB80-EE5CC9155848}"
EndProject
Global
	GlobalSection(SolutionConfigurationPlatforms) = preSolution
		Debug|Any CPU = Debug|Any CPU
		Release|Any CPU = Release|Any CPU
	EndGlobalSection
	GlobalSection(ProjectConfigurationPlatforms) = postSolution
		{5500BB42-640F-42BF-AAF7-3067332ECFEE}.Debug|Any CPU.ActiveCfg = Debug|Any CPU
		{5500BB42-640F-42BF-AAF7-3067332ECFEE}.Debug|Any CPU.Build.0 = Debug|Any CPU
		{5500BB42-640F-42BF-AAF7-3067332ECFEE}.Release|Any CPU.ActiveCfg = Release|Any CPU
		{5500BB42-640F-42BF-AAF7-3067332ECFEE}.Release|Any CPU.Build.0 = Release|Any CPU
		{DB36BAE1-DDBA-46C1-BB80-EE5CC9155848}.Debug|Any CPU.ActiveCfg = Debug|Any CPU
		{DB36BAE1-DDBA-46C1-BB80-EE5CC9155848}.Debug|Any CPU.Build.0 = Debug|Any CPU
		{DB36BAE1-DDBA-46C1-BB80-EE5CC9155848}.Release|Any CPU.ActiveCfg = Release|Any CPU
		{DB36BAE1-DDBA-46C1-BB80-EE5CC9155848}.Release|Any CPU.Build.0 = Release|Any CPU
	EndGlobalSection
	GlobalSection(SolutionProperties) = preSolution
		HideSolutionNode = FALSE
	EndGlobalSection
	GlobalSection(ExtensibilityGlobals) = postSolution
		SolutionGuid = {39ACE14E-DD45-4E24-A4A1-FDD4DB0611B9}
	EndGlobalSection
EndGlobal
